// !$*UTF8*$!
{
	archiveVersion = 1;
	classes = {
	};
	objectVersion = 50;
	objects = {

/* Begin PBXBuildFile section */
		E312D7842290C14A00C6FB0B /* AppDelegate.swift in Sources */ = {isa = PBXBuildFile; fileRef = E312D7832290C14A00C6FB0B /* AppDelegate.swift */; };
		E312D7872290C14A00C6FB0B /* A_Decade_of_Movies.xcdatamodeld in Sources */ = {isa = PBXBuildFile; fileRef = E312D7852290C14A00C6FB0B /* A_Decade_of_Movies.xcdatamodeld */; };
		E312D7892290C14A00C6FB0B /* MasterViewController.swift in Sources */ = {isa = PBXBuildFile; fileRef = E312D7882290C14A00C6FB0B /* MasterViewController.swift */; };
		E312D78B2290C14A00C6FB0B /* DetailViewController.swift in Sources */ = {isa = PBXBuildFile; fileRef = E312D78A2290C14A00C6FB0B /* DetailViewController.swift */; };
		E312D78E2290C14A00C6FB0B /* Main.storyboard in Resources */ = {isa = PBXBuildFile; fileRef = E312D78C2290C14A00C6FB0B /* Main.storyboard */; };
		E312D7902290C14B00C6FB0B /* Assets.xcassets in Resources */ = {isa = PBXBuildFile; fileRef = E312D78F2290C14B00C6FB0B /* Assets.xcassets */; };
		E312D7932290C14B00C6FB0B /* LaunchScreen.storyboard in Resources */ = {isa = PBXBuildFile; fileRef = E312D7912290C14B00C6FB0B /* LaunchScreen.storyboard */; };
		E312D79B2290CA7200C6FB0B /* MovieTableViewCell.swift in Sources */ = {isa = PBXBuildFile; fileRef = E312D79A2290CA7200C6FB0B /* MovieTableViewCell.swift */; };
/* End PBXBuildFile section */

/* Begin PBXFileReference section */
		E312D7802290C14900C6FB0B /* A Decade of Movies.app */ = {isa = PBXFileReference; explicitFileType = wrapper.application; includeInIndex = 0; path = "A Decade of Movies.app"; sourceTree = BUILT_PRODUCTS_DIR; };
		E312D7832290C14A00C6FB0B /* AppDelegate.swift */ = {isa = PBXFileReference; lastKnownFileType = sourcecode.swift; path = AppDelegate.swift; sourceTree = "<group>"; };
		E312D7862290C14A00C6FB0B /* A_Decade_of_Movies.xcdatamodel */ = {isa = PBXFileReference; lastKnownFileType = wrapper.xcdatamodel; path = A_Decade_of_Movies.xcdatamodel; sourceTree = "<group>"; };
		E312D7882290C14A00C6FB0B /* MasterViewController.swift */ = {isa = PBXFileReference; lastKnownFileType = sourcecode.swift; path = MasterViewController.swift; sourceTree = "<group>"; };
		E312D78A2290C14A00C6FB0B /* DetailViewController.swift */ = {isa = PBXFileReference; lastKnownFileType = sourcecode.swift; path = DetailViewController.swift; sourceTree = "<group>"; };
		E312D78D2290C14A00C6FB0B /* Base */ = {isa = PBXFileReference; lastKnownFileType = file.storyboard; name = Base; path = Base.lproj/Main.storyboard; sourceTree = "<group>"; };
		E312D78F2290C14B00C6FB0B /* Assets.xcassets */ = {isa = PBXFileReference; lastKnownFileType = folder.assetcatalog; path = Assets.xcassets; sourceTree = "<group>"; };
		E312D7922290C14B00C6FB0B /* Base */ = {isa = PBXFileReference; lastKnownFileType = file.storyboard; name = Base; path = Base.lproj/LaunchScreen.storyboard; sourceTree = "<group>"; };
		E312D7942290C14B00C6FB0B /* Info.plist */ = {isa = PBXFileReference; lastKnownFileType = text.plist.xml; path = Info.plist; sourceTree = "<group>"; };
		E312D79A2290CA7200C6FB0B /* MovieTableViewCell.swift */ = {isa = PBXFileReference; lastKnownFileType = sourcecode.swift; path = MovieTableViewCell.swift; sourceTree = "<group>"; };
/* End PBXFileReference section */

/* Begin PBXFrameworksBuildPhase section */
		E312D77D2290C14900C6FB0B /* Frameworks */ = {
			isa = PBXFrameworksBuildPhase;
			buildActionMask = 2147483647;
			files = (
			);
			runOnlyForDeploymentPostprocessing = 0;
		};
/* End PBXFrameworksBuildPhase section */

/* Begin PBXGroup section */
		E312D7772290C14900C6FB0B = {
			isa = PBXGroup;
			children = (
				E312D7822290C14900C6FB0B /* A Decade of Movies */,
				E312D7812290C14900C6FB0B /* Products */,
			);
			sourceTree = "<group>";
		};
		E312D7812290C14900C6FB0B /* Products */ = {
			isa = PBXGroup;
			children = (
				E312D7802290C14900C6FB0B /* A Decade of Movies.app */,
			);
			name = Products;
			sourceTree = "<group>";
		};
		E312D7822290C14900C6FB0B /* A Decade of Movies */ = {
			isa = PBXGroup;
			children = (
				E312D7832290C14A00C6FB0B /* AppDelegate.swift */,
				E312D7882290C14A00C6FB0B /* MasterViewController.swift */,
				E312D78A2290C14A00C6FB0B /* DetailViewController.swift */,
				E312D78C2290C14A00C6FB0B /* Main.storyboard */,
				E312D78F2290C14B00C6FB0B /* Assets.xcassets */,
				E312D7912290C14B00C6FB0B /* LaunchScreen.storyboard */,
				E312D7942290C14B00C6FB0B /* Info.plist */,
				E312D7852290C14A00C6FB0B /* A_Decade_of_Movies.xcdatamodeld */,
				E312D79A2290CA7200C6FB0B /* MovieTableViewCell.swift */,
			);
			path = "A Decade of Movies";
			sourceTree = "<group>";
		};
/* End PBXGroup section */

/* Begin PBXNativeTarget section */
		E312D77F2290C14900C6FB0B /* A Decade of Movies */ = {
			isa = PBXNativeTarget;
			buildConfigurationList = E312D7972290C14B00C6FB0B /* Build configuration list for PBXNativeTarget "A Decade of Movies" */;
			buildPhases = (
				E312D77C2290C14900C6FB0B /* Sources */,
				E312D77D2290C14900C6FB0B /* Frameworks */,
				E312D77E2290C14900C6FB0B /* Resources */,
			);
			buildRules = (
			);
			dependencies = (
			);
			name = "A Decade of Movies";
			productName = "A Decade of Movies";
			productReference = E312D7802290C14900C6FB0B /* A Decade of Movies.app */;
			productType = "com.apple.product-type.application";
		};
/* End PBXNativeTarget section */

/* Begin PBXProject section */
		E312D7782290C14900C6FB0B /* Project object */ = {
			isa = PBXProject;
			attributes = {
				LastSwiftUpdateCheck = 1020;
				LastUpgradeCheck = 1020;
				ORGANIZATIONNAME = swvl;
				TargetAttributes = {
					E312D77F2290C14900C6FB0B = {
						CreatedOnToolsVersion = 10.2;
					};
				};
			};
			buildConfigurationList = E312D77B2290C14900C6FB0B /* Build configuration list for PBXProject "A Decade of Movies" */;
			compatibilityVersion = "Xcode 9.3";
			developmentRegion = en;
			hasScannedForEncodings = 0;
			knownRegions = (
				en,
				Base,
			);
			mainGroup = E312D7772290C14900C6FB0B;
			productRefGroup = E312D7812290C14900C6FB0B /* Products */;
			projectDirPath = "";
			projectRoot = "";
			targets = (
				E312D77F2290C14900C6FB0B /* A Decade of Movies */,
			);
		};
/* End PBXProject section */

/* Begin PBXResourcesBuildPhase section */
		E312D77E2290C14900C6FB0B /* Resources */ = {
			isa = PBXResourcesBuildPhase;
			buildActionMask = 2147483647;
			files = (
				E312D7932290C14B00C6FB0B /* LaunchScreen.storyboard in Resources */,
				E312D7902290C14B00C6FB0B /* Assets.xcassets in Resources */,
				E312D78E2290C14A00C6FB0B /* Main.storyboard in Resources */,
			);
			runOnlyForDeploymentPostprocessing = 0;
		};
/* End PBXResourcesBuildPhase section */

/* Begin PBXSourcesBuildPhase section */
		E312D77C2290C14900C6FB0B /* Sources */ = {
			isa = PBXSourcesBuildPhase;
			buildActionMask = 2147483647;
			files = (
				E312D79B2290CA7200C6FB0B /* MovieTableViewCell.swift in Sources */,
				E312D7842290C14A00C6FB0B /* AppDelegate.swift in Sources */,
				E312D7872290C14A00C6FB0B /* A_Decade_of_Movies.xcdatamodeld in Sources */,
				E312D7892290C14A00C6FB0B /* MasterViewController.swift in Sources */,
				E312D78B2290C14A00C6FB0B /* DetailViewController.swift in Sources */,
			);
			runOnlyForDeploymentPostprocessing = 0;
		};
/* End PBXSourcesBuildPhase section */

/* Begin PBXVariantGroup section */
		E312D78C2290C14A00C6FB0B /* Main.storyboard */ = {
			isa = PBXVariantGroup;
			children = (
				E312D78D2290C14A00C6FB0B /* Base */,
			);
			name = Main.storyboard;
			sourceTree = "<group>";
		};
		E312D7912290C14B00C6FB0B /* LaunchScreen.storyboard */ = {
			isa = PBXVariantGroup;
			children = (
				E312D7922290C14B00C6FB0B /* Base */,
			);
			name = LaunchScreen.storyboard;
			sourceTree = "<group>";
		};
/* End PBXVariantGroup section */

/* Begin XCBuildConfiguration section */
		E312D7952290C14B00C6FB0B /* Debug */ = {
			isa = XCBuildConfiguration;
			buildSettings = {
				ALWAYS_SEARCH_USER_PATHS = NO;
				CLANG_ANALYZER_NONNULL = YES;
				CLANG_ANALYZER_NUMBER_OBJECT_CONVERSION = YES_AGGRESSIVE;
				CLANG_CXX_LANGUAGE_STANDARD = "gnu++14";
				CLANG_CXX_LIBRARY = "libc++";
				CLANG_ENABLE_MODULES = YES;
				CLANG_ENABLE_OBJC_ARC = YES;
				CLANG_ENABLE_OBJC_WEAK = YES;
				CLANG_WARN_BLOCK_CAPTURE_AUTORELEASING = YES;
				CLANG_WARN_BOOL_CONVERSION = YES;
				CLANG_WARN_COMMA = YES;
				CLANG_WARN_CONSTANT_CONVERSION = YES;
				CLANG_WARN_DEPRECATED_OBJC_IMPLEMENTATIONS = YES;
				CLANG_WARN_DIRECT_OBJC_ISA_USAGE = YES_ERROR;
				CLANG_WARN_DOCUMENTATION_COMMENTS = YES;
				CLANG_WARN_EMPTY_BODY = YES;
				CLANG_WARN_ENUM_CONVERSION = YES;
				CLANG_WARN_INFINITE_RECURSION = YES;
				CLANG_WARN_INT_CONVERSION = YES;
				CLANG_WARN_NON_LITERAL_NULL_CONVERSION = YES;
				CLANG_WARN_OBJC_IMPLICIT_RETAIN_SELF = YES;
				CLANG_WARN_OBJC_LITERAL_CONVERSION = YES;
				CLANG_WARN_OBJC_ROOT_CLASS = YES_ERROR;
				CLANG_WARN_RANGE_LOOP_ANALYSIS = YES;
				CLANG_WARN_STRICT_PROTOTYPES = YES;
				CLANG_WARN_SUSPICIOUS_MOVE = YES;
				CLANG_WARN_UNGUARDED_AVAILABILITY = YES_AGGRESSIVE;
				CLANG_WARN_UNREACHABLE_CODE = YES;
				CLANG_WARN__DUPLICATE_METHOD_MATCH = YES;
				CODE_SIGN_IDENTITY = "iPhone Developer";
				COPY_PHASE_STRIP = NO;
				DEBUG_INFORMATION_FORMAT = dwarf;
				ENABLE_STRICT_OBJC_MSGSEND = YES;
				ENABLE_TESTABILITY = YES;
				GCC_C_LANGUAGE_STANDARD = gnu11;
				GCC_DYNAMIC_NO_PIC = NO;
				GCC_NO_COMMON_BLOCKS = YES;
				GCC_OPTIMIZATION_LEVEL = 0;
				GCC_PREPROCESSOR_DEFINITIONS = (
					"DEBUG=1",
					"$(inherited)",
				);
				GCC_WARN_64_TO_32_BIT_CONVERSION = YES;
				GCC_WARN_ABOUT_RETURN_TYPE = YES_ERROR;
				GCC_WARN_UNDECLARED_SELECTOR = YES;
				GCC_WARN_UNINITIALIZED_AUTOS = YES_AGGRESSIVE;
				GCC_WARN_UNUSED_FUNCTION = YES;
				GCC_WARN_UNUSED_VARIABLE = YES;
				IPHONEOS_DEPLOYMENT_TARGET = 12.2;
				MTL_ENABLE_DEBUG_INFO = INCLUDE_SOURCE;
				MTL_FAST_MATH = YES;
				ONLY_ACTIVE_ARCH = YES;
				SDKROOT = iphoneos;
				SWIFT_ACTIVE_COMPILATION_CONDITIONS = DEBUG;
				SWIFT_OPTIMIZATION_LEVEL = "-Onone";
			};
			name = Debug;
		};
		E312D7962290C14B00C6FB0B /* Release */ = {
			isa = XCBuildConfiguration;
			buildSettings = {
				ALWAYS_SEARCH_USER_PATHS = NO;
				CLANG_ANALYZER_NONNULL = YES;
				CLANG_ANALYZER_NUMBER_OBJECT_CONVERSION = YES_AGGRESSIVE;
				CLANG_CXX_LANGUAGE_STANDARD = "gnu++14";
				CLANG_CXX_LIBRARY = "libc++";
				CLANG_ENABLE_MODULES = YES;
				CLANG_ENABLE_OBJC_ARC = YES;
				CLANG_ENABLE_OBJC_WEAK = YES;
				CLANG_WARN_BLOCK_CAPTURE_AUTORELEASING = YES;
				CLANG_WARN_BOOL_CONVERSION = YES;
				CLANG_WARN_COMMA = YES;
				CLANG_WARN_CONSTANT_CONVERSION = YES;
				CLANG_WARN_DEPRECATED_OBJC_IMPLEMENTATIONS = YES;
				CLANG_WARN_DIRECT_OBJC_ISA_USAGE = YES_ERROR;
				CLANG_WARN_DOCUMENTATION_COMMENTS = YES;
				CLANG_WARN_EMPTY_BODY = YES;
				CLANG_WARN_ENUM_CONVERSION = YES;
				CLANG_WARN_INFINITE_RECURSION = YES;
				CLANG_WARN_INT_CONVERSION = YES;
				CLANG_WARN_NON_LITERAL_NULL_CONVERSION = YES;
				CLANG_WARN_OBJC_IMPLICIT_RETAIN_SELF = YES;
				CLANG_WARN_OBJC_LITERAL_CONVERSION = YES;
				CLANG_WARN_OBJC_ROOT_CLASS = YES_ERROR;
				CLANG_WARN_RANGE_LOOP_ANALYSIS = YES;
				CLANG_WARN_STRICT_PROTOTYPES = YES;
				CLANG_WARN_SUSPICIOUS_MOVE = YES;
				CLANG_WARN_UNGUARDED_AVAILABILITY = YES_AGGRESSIVE;
				CLANG_WARN_UNREACHABLE_CODE = YES;
				CLANG_WARN__DUPLICATE_METHOD_MATCH = YES;
				CODE_SIGN_IDENTITY = "iPhone Developer";
				COPY_PHASE_STRIP = NO;
				DEBUG_INFORMATION_FORMAT = "dwarf-with-dsym";
				ENABLE_NS_ASSERTIONS = NO;
				ENABLE_STRICT_OBJC_MSGSEND = YES;
				GCC_C_LANGUAGE_STANDARD = gnu11;
				GCC_NO_COMMON_BLOCKS = YES;
				GCC_WARN_64_TO_32_BIT_CONVERSION = YES;
				GCC_WARN_ABOUT_RETURN_TYPE = YES_ERROR;
				GCC_WARN_UNDECLARED_SELECTOR = YES;
				GCC_WARN_UNINITIALIZED_AUTOS = YES_AGGRESSIVE;
				GCC_WARN_UNUSED_FUNCTION = YES;
				GCC_WARN_UNUSED_VARIABLE = YES;
				IPHONEOS_DEPLOYMENT_TARGET = 12.2;
				MTL_ENABLE_DEBUG_INFO = NO;
				MTL_FAST_MATH = YES;
				SDKROOT = iphoneos;
				SWIFT_COMPILATION_MODE = wholemodule;
				SWIFT_OPTIMIZATION_LEVEL = "-O";
				VALIDATE_PRODUCT = YES;
			};
			name = Release;
		};
		E312D7982290C14B00C6FB0B /* Debug */ = {
			isa = XCBuildConfiguration;
			buildSettings = {
				ASSETCATALOG_COMPILER_APPICON_NAME = AppIcon;
				CODE_SIGN_STYLE = Automatic;
				DEVELOPMENT_TEAM = ZUGQUHK8J8;
				INFOPLIST_FILE = "A Decade of Movies/Info.plist";
				LD_RUNPATH_SEARCH_PATHS = (
					"$(inherited)",
					"@executable_path/Frameworks",
				);
				PRODUCT_BUNDLE_IDENTIFIER = "com.swvl.A-Decade-of-Movies";
				PRODUCT_NAME = "$(TARGET_NAME)";
				SWIFT_VERSION = 5.0;
				TARGETED_DEVICE_FAMILY = "1,2";
			};
			name = Debug;
		};
		E312D7992290C14B00C6FB0B /* Release */ = {
			isa = XCBuildConfiguration;
			buildSettings = {
				ASSETCATALOG_COMPILER_APPICON_NAME = AppIcon;
				CODE_SIGN_STYLE = Automatic;
				DEVELOPMENT_TEAM = ZUGQUHK8J8;
				INFOPLIST_FILE = "A Decade of Movies/Info.plist";
				LD_RUNPATH_SEARCH_PATHS = (
					"$(inherited)",
					"@executable_path/Frameworks",
				);
				PRODUCT_BUNDLE_IDENTIFIER = "com.swvl.A-Decade-of-Movies";
				PRODUCT_NAME = "$(TARGET_NAME)";
				SWIFT_VERSION = 5.0;
				TARGETED_DEVICE_FAMILY = "1,2";
			};
			name = Release;
		};
/* End XCBuildConfiguration section */

/* Begin XCConfigurationList section */
		E312D77B2290C14900C6FB0B /* Build configuration list for PBXProject "A Decade of Movies" */ = {
			isa = XCConfigurationList;
			buildConfigurations = (
				E312D7952290C14B00C6FB0B /* Debug */,
				E312D7962290C14B00C6FB0B /* Release */,
			);
			defaultConfigurationIsVisible = 0;
			defaultConfigurationName = Release;
		};
		E312D7972290C14B00C6FB0B /* Build configuration list for PBXNativeTarget "A Decade of Movies" */ = {
			isa = XCConfigurationList;
			buildConfigurations = (
				E312D7982290C14B00C6FB0B /* Debug */,
				E312D7992290C14B00C6FB0B /* Release */,
			);
			defaultConfigurationIsVisible = 0;
			defaultConfigurationName = Release;
		};
/* End XCConfigurationList section */

/* Begin XCVersionGroup section */
		E312D7852290C14A00C6FB0B /* A_Decade_of_Movies.xcdatamodeld */ = {
			isa = XCVersionGroup;
			children = (
				E312D7862290C14A00C6FB0B /* A_Decade_of_Movies.xcdatamodel */,
			);
			currentVersion = E312D7862290C14A00C6FB0B /* A_Decade_of_Movies.xcdatamodel */;
			path = A_Decade_of_Movies.xcdatamodeld;
			sourceTree = "<group>";
			versionGroupType = wrapper.xcdatamodel;
		};
/* End XCVersionGroup section */
	};
	rootObject = E312D7782290C14900C6FB0B /* Project object */;
}
